// !$*UTF8*$!
{
	archiveVersion = 1;
	classes = {
	};
	objectVersion = 48;
	objects = {

/* Begin PBXBuildFile section */
		84ECE62E2031DEE900B389F1 /* AppDelegate.swift in Sources */ = {isa = PBXBuildFile; fileRef = 84ECE62D2031DEE900B389F1 /* AppDelegate.swift */; };
		84ECE6302031DEE900B389F1 /* ViewController.swift in Sources */ = {isa = PBXBuildFile; fileRef = 84ECE62F2031DEE900B389F1 /* ViewController.swift */; };
		84ECE6332031DEE900B389F1 /* Main.storyboard in Resources */ = {isa = PBXBuildFile; fileRef = 84ECE6312031DEE900B389F1 /* Main.storyboard */; };
		84ECE6352031DEE900B389F1 /* Assets.xcassets in Resources */ = {isa = PBXBuildFile; fileRef = 84ECE6342031DEE900B389F1 /* Assets.xcassets */; };
		84ECE6382031DEE900B389F1 /* LaunchScreen.storyboard in Resources */ = {isa = PBXBuildFile; fileRef = 84ECE6362031DEE900B389F1 /* LaunchScreen.storyboard */; };
		84ECE6432031DEEA00B389F1 /* PaddingSampleTests.swift in Sources */ = {isa = PBXBuildFile; fileRef = 84ECE6422031DEEA00B389F1 /* PaddingSampleTests.swift */; };
		84ECE64E2031DEEA00B389F1 /* PaddingSampleUITests.swift in Sources */ = {isa = PBXBuildFile; fileRef = 84ECE64D2031DEEA00B389F1 /* PaddingSampleUITests.swift */; };
		84ECE65F2031DF4400B389F1 /* SampleTableViewCell.swift in Sources */ = {isa = PBXBuildFile; fileRef = 84ECE65D2031DF4400B389F1 /* SampleTableViewCell.swift */; };
		84ECE6602031DF4400B389F1 /* SampleTableViewCell.xib in Resources */ = {isa = PBXBuildFile; fileRef = 84ECE65E2031DF4400B389F1 /* SampleTableViewCell.xib */; };
		84ECE6622031DFC400B389F1 /* UITableExtension.swift in Sources */ = {isa = PBXBuildFile; fileRef = 84ECE6612031DFC400B389F1 /* UITableExtension.swift */; };
		84ECE6642031DFDE00B389F1 /* NSObjectExtension.swift in Sources */ = {isa = PBXBuildFile; fileRef = 84ECE6632031DFDE00B389F1 /* NSObjectExtension.swift */; };
		84ECE6672031E36600B389F1 /* SampleTextArray.swift in Sources */ = {isa = PBXBuildFile; fileRef = 84ECE6662031E36600B389F1 /* SampleTextArray.swift */; };
/* End PBXBuildFile section */

/* Begin PBXContainerItemProxy section */
		84ECE63F2031DEEA00B389F1 /* PBXContainerItemProxy */ = {
			isa = PBXContainerItemProxy;
			containerPortal = 84ECE6222031DEE900B389F1 /* Project object */;
			proxyType = 1;
			remoteGlobalIDString = 84ECE6292031DEE900B389F1;
			remoteInfo = PaddingSample;
		};
		84ECE64A2031DEEA00B389F1 /* PBXContainerItemProxy */ = {
			isa = PBXContainerItemProxy;
			containerPortal = 84ECE6222031DEE900B389F1 /* Project object */;
			proxyType = 1;
			remoteGlobalIDString = 84ECE6292031DEE900B389F1;
			remoteInfo = PaddingSample;
		};
/* End PBXContainerItemProxy section */

/* Begin PBXFileReference section */
		84ECE62A2031DEE900B389F1 /* PaddingSample.app */ = {isa = PBXFileReference; explicitFileType = wrapper.application; includeInIndex = 0; path = PaddingSample.app; sourceTree = BUILT_PRODUCTS_DIR; };
		84ECE62D2031DEE900B389F1 /* AppDelegate.swift */ = {isa = PBXFileReference; lastKnownFileType = sourcecode.swift; path = AppDelegate.swift; sourceTree = "<group>"; };
		84ECE62F2031DEE900B389F1 /* ViewController.swift */ = {isa = PBXFileReference; lastKnownFileType = sourcecode.swift; path = ViewController.swift; sourceTree = "<group>"; };
		84ECE6322031DEE900B389F1 /* Base */ = {isa = PBXFileReference; lastKnownFileType = file.storyboard; name = Base; path = Base.lproj/Main.storyboard; sourceTree = "<group>"; };
		84ECE6342031DEE900B389F1 /* Assets.xcassets */ = {isa = PBXFileReference; lastKnownFileType = folder.assetcatalog; path = Assets.xcassets; sourceTree = "<group>"; };
		84ECE6372031DEE900B389F1 /* Base */ = {isa = PBXFileReference; lastKnownFileType = file.storyboard; name = Base; path = Base.lproj/LaunchScreen.storyboard; sourceTree = "<group>"; };
		84ECE6392031DEE900B389F1 /* Info.plist */ = {isa = PBXFileReference; lastKnownFileType = text.plist.xml; path = Info.plist; sourceTree = "<group>"; };
		84ECE63E2031DEEA00B389F1 /* PaddingSampleTests.xctest */ = {isa = PBXFileReference; explicitFileType = wrapper.cfbundle; includeInIndex = 0; path = PaddingSampleTests.xctest; sourceTree = BUILT_PRODUCTS_DIR; };
		84ECE6422031DEEA00B389F1 /* PaddingSampleTests.swift */ = {isa = PBXFileReference; lastKnownFileType = sourcecode.swift; path = PaddingSampleTests.swift; sourceTree = "<group>"; };
		84ECE6442031DEEA00B389F1 /* Info.plist */ = {isa = PBXFileReference; lastKnownFileType = text.plist.xml; path = Info.plist; sourceTree = "<group>"; };
		84ECE6492031DEEA00B389F1 /* PaddingSampleUITests.xctest */ = {isa = PBXFileReference; explicitFileType = wrapper.cfbundle; includeInIndex = 0; path = PaddingSampleUITests.xctest; sourceTree = BUILT_PRODUCTS_DIR; };
		84ECE64D2031DEEA00B389F1 /* PaddingSampleUITests.swift */ = {isa = PBXFileReference; lastKnownFileType = sourcecode.swift; path = PaddingSampleUITests.swift; sourceTree = "<group>"; };
		84ECE64F2031DEEA00B389F1 /* Info.plist */ = {isa = PBXFileReference; lastKnownFileType = text.plist.xml; path = Info.plist; sourceTree = "<group>"; };
		84ECE65D2031DF4400B389F1 /* SampleTableViewCell.swift */ = {isa = PBXFileReference; lastKnownFileType = sourcecode.swift; path = SampleTableViewCell.swift; sourceTree = "<group>"; };
		84ECE65E2031DF4400B389F1 /* SampleTableViewCell.xib */ = {isa = PBXFileReference; lastKnownFileType = file.xib; path = SampleTableViewCell.xib; sourceTree = "<group>"; };
		84ECE6612031DFC400B389F1 /* UITableExtension.swift */ = {isa = PBXFileReference; lastKnownFileType = sourcecode.swift; path = UITableExtension.swift; sourceTree = "<group>"; };
		84ECE6632031DFDE00B389F1 /* NSObjectExtension.swift */ = {isa = PBXFileReference; lastKnownFileType = sourcecode.swift; path = NSObjectExtension.swift; sourceTree = "<group>"; };
		84ECE6662031E36600B389F1 /* SampleTextArray.swift */ = {isa = PBXFileReference; lastKnownFileType = sourcecode.swift; path = SampleTextArray.swift; sourceTree = "<group>"; };
/* End PBXFileReference section */

/* Begin PBXFrameworksBuildPhase section */
		84ECE6272031DEE900B389F1 /* Frameworks */ = {
			isa = PBXFrameworksBuildPhase;
			buildActionMask = 2147483647;
			files = (
			);
			runOnlyForDeploymentPostprocessing = 0;
		};
		84ECE63B2031DEEA00B389F1 /* Frameworks */ = {
			isa = PBXFrameworksBuildPhase;
			buildActionMask = 2147483647;
			files = (
			);
			runOnlyForDeploymentPostprocessing = 0;
		};
		84ECE6462031DEEA00B389F1 /* Frameworks */ = {
			isa = PBXFrameworksBuildPhase;
			buildActionMask = 2147483647;
			files = (
			);
			runOnlyForDeploymentPostprocessing = 0;
		};
/* End PBXFrameworksBuildPhase section */

/* Begin PBXGroup section */
		84ECE6212031DEE900B389F1 = {
			isa = PBXGroup;
			children = (
				84ECE62C2031DEE900B389F1 /* PaddingSample */,
				84ECE6412031DEEA00B389F1 /* PaddingSampleTests */,
				84ECE64C2031DEEA00B389F1 /* PaddingSampleUITests */,
				84ECE62B2031DEE900B389F1 /* Products */,
			);
			sourceTree = "<group>";
		};
		84ECE62B2031DEE900B389F1 /* Products */ = {
			isa = PBXGroup;
			children = (
				84ECE62A2031DEE900B389F1 /* PaddingSample.app */,
				84ECE63E2031DEEA00B389F1 /* PaddingSampleTests.xctest */,
				84ECE6492031DEEA00B389F1 /* PaddingSampleUITests.xctest */,
			);
			name = Products;
			sourceTree = "<group>";
		};
		84ECE62C2031DEE900B389F1 /* PaddingSample */ = {
			isa = PBXGroup;
			children = (
				84ECE62D2031DEE900B389F1 /* AppDelegate.swift */,
				84ECE62F2031DEE900B389F1 /* ViewController.swift */,
				84ECE6312031DEE900B389F1 /* Main.storyboard */,
				84ECE65B2031DF1900B389F1 /* Parts */,
				84ECE65C2031DF1E00B389F1 /* Extensinon */,
				84ECE6652031E34600B389F1 /* SampleText */,
				84ECE6342031DEE900B389F1 /* Assets.xcassets */,
				84ECE6362031DEE900B389F1 /* LaunchScreen.storyboard */,
				84ECE6392031DEE900B389F1 /* Info.plist */,
			);
			path = PaddingSample;
			sourceTree = "<group>";
		};
		84ECE6412031DEEA00B389F1 /* PaddingSampleTests */ = {
			isa = PBXGroup;
			children = (
				84ECE6422031DEEA00B389F1 /* PaddingSampleTests.swift */,
				84ECE6442031DEEA00B389F1 /* Info.plist */,
			);
			path = PaddingSampleTests;
			sourceTree = "<group>";
		};
		84ECE64C2031DEEA00B389F1 /* PaddingSampleUITests */ = {
			isa = PBXGroup;
			children = (
				84ECE64D2031DEEA00B389F1 /* PaddingSampleUITests.swift */,
				84ECE64F2031DEEA00B389F1 /* Info.plist */,
			);
			path = PaddingSampleUITests;
			sourceTree = "<group>";
		};
		84ECE65B2031DF1900B389F1 /* Parts */ = {
			isa = PBXGroup;
			children = (
				84ECE65D2031DF4400B389F1 /* SampleTableViewCell.swift */,
				84ECE65E2031DF4400B389F1 /* SampleTableViewCell.xib */,
			);
			path = Parts;
			sourceTree = "<group>";
		};
		84ECE65C2031DF1E00B389F1 /* Extensinon */ = {
			isa = PBXGroup;
			children = (
				84ECE6612031DFC400B389F1 /* UITableExtension.swift */,
				84ECE6632031DFDE00B389F1 /* NSObjectExtension.swift */,
			);
			path = Extensinon;
			sourceTree = "<group>";
		};
		84ECE6652031E34600B389F1 /* SampleText */ = {
			isa = PBXGroup;
			children = (
				84ECE6662031E36600B389F1 /* SampleTextArray.swift */,
			);
			path = SampleText;
			sourceTree = "<group>";
		};
/* End PBXGroup section */

/* Begin PBXNativeTarget section */
		84ECE6292031DEE900B389F1 /* PaddingSample */ = {
			isa = PBXNativeTarget;
			buildConfigurationList = 84ECE6522031DEEA00B389F1 /* Build configuration list for PBXNativeTarget "PaddingSample" */;
			buildPhases = (
				84ECE6262031DEE900B389F1 /* Sources */,
				84ECE6272031DEE900B389F1 /* Frameworks */,
				84ECE6282031DEE900B389F1 /* Resources */,
			);
			buildRules = (
			);
			dependencies = (
			);
			name = PaddingSample;
			productName = PaddingSample;
			productReference = 84ECE62A2031DEE900B389F1 /* PaddingSample.app */;
			productType = "com.apple.product-type.application";
		};
		84ECE63D2031DEEA00B389F1 /* PaddingSampleTests */ = {
			isa = PBXNativeTarget;
			buildConfigurationList = 84ECE6552031DEEA00B389F1 /* Build configuration list for PBXNativeTarget "PaddingSampleTests" */;
			buildPhases = (
				84ECE63A2031DEEA00B389F1 /* Sources */,
				84ECE63B2031DEEA00B389F1 /* Frameworks */,
				84ECE63C2031DEEA00B389F1 /* Resources */,
			);
			buildRules = (
			);
			dependencies = (
				84ECE6402031DEEA00B389F1 /* PBXTargetDependency */,
			);
			name = PaddingSampleTests;
			productName = PaddingSampleTests;
			productReference = 84ECE63E2031DEEA00B389F1 /* PaddingSampleTests.xctest */;
			productType = "com.apple.product-type.bundle.unit-test";
		};
		84ECE6482031DEEA00B389F1 /* PaddingSampleUITests */ = {
			isa = PBXNativeTarget;
			buildConfigurationList = 84ECE6582031DEEA00B389F1 /* Build configuration list for PBXNativeTarget "PaddingSampleUITests" */;
			buildPhases = (
				84ECE6452031DEEA00B389F1 /* Sources */,
				84ECE6462031DEEA00B389F1 /* Frameworks */,
				84ECE6472031DEEA00B389F1 /* Resources */,
			);
			buildRules = (
			);
			dependencies = (
				84ECE64B2031DEEA00B389F1 /* PBXTargetDependency */,
			);
			name = PaddingSampleUITests;
			productName = PaddingSampleUITests;
			productReference = 84ECE6492031DEEA00B389F1 /* PaddingSampleUITests.xctest */;
			productType = "com.apple.product-type.bundle.ui-testing";
		};
/* End PBXNativeTarget section */

/* Begin PBXProject section */
		84ECE6222031DEE900B389F1 /* Project object */ = {
			isa = PBXProject;
			attributes = {
				LastSwiftUpdateCheck = 0920;
				LastUpgradeCheck = 0920;
				ORGANIZATIONNAME = sachiko;
				TargetAttributes = {
					84ECE6292031DEE900B389F1 = {
						CreatedOnToolsVersion = 9.2;
						ProvisioningStyle = Automatic;
					};
					84ECE63D2031DEEA00B389F1 = {
						CreatedOnToolsVersion = 9.2;
						ProvisioningStyle = Automatic;
						TestTargetID = 84ECE6292031DEE900B389F1;
					};
					84ECE6482031DEEA00B389F1 = {
						CreatedOnToolsVersion = 9.2;
						ProvisioningStyle = Automatic;
						TestTargetID = 84ECE6292031DEE900B389F1;
					};
				};
			};
			buildConfigurationList = 84ECE6252031DEE900B389F1 /* Build configuration list for PBXProject "PaddingSample" */;
			compatibilityVersion = "Xcode 8.0";
			developmentRegion = en;
			hasScannedForEncodings = 0;
			knownRegions = (
				en,
				Base,
			);
			mainGroup = 84ECE6212031DEE900B389F1;
			productRefGroup = 84ECE62B2031DEE900B389F1 /* Products */;
			projectDirPath = "";
			projectRoot = "";
			targets = (
				84ECE6292031DEE900B389F1 /* PaddingSample */,
				84ECE63D2031DEEA00B389F1 /* PaddingSampleTests */,
				84ECE6482031DEEA00B389F1 /* PaddingSampleUITests */,
			);
		};
/* End PBXProject section */

/* Begin PBXResourcesBuildPhase section */
		84ECE6282031DEE900B389F1 /* Resources */ = {
			isa = PBXResourcesBuildPhase;
			buildActionMask = 2147483647;
			files = (
				84ECE6382031DEE900B389F1 /* LaunchScreen.storyboard in Resources */,
				84ECE6602031DF4400B389F1 /* SampleTableViewCell.xib in Resources */,
				84ECE6352031DEE900B389F1 /* Assets.xcassets in Resources */,
				84ECE6332031DEE900B389F1 /* Main.storyboard in Resources */,
			);
			runOnlyForDeploymentPostprocessing = 0;
		};
		84ECE63C2031DEEA00B389F1 /* Resources */ = {
			isa = PBXResourcesBuildPhase;
			buildActionMask = 2147483647;
			files = (
			);
			runOnlyForDeploymentPostprocessing = 0;
		};
		84ECE6472031DEEA00B389F1 /* Resources */ = {
			isa = PBXResourcesBuildPhase;
			buildActionMask = 2147483647;
			files = (
			);
			runOnlyForDeploymentPostprocessing = 0;
		};
/* End PBXResourcesBuildPhase section */

/* Begin PBXSourcesBuildPhase section */
		84ECE6262031DEE900B389F1 /* Sources */ = {
			isa = PBXSourcesBuildPhase;
			buildActionMask = 2147483647;
			files = (
				84ECE6622031DFC400B389F1 /* UITableExtension.swift in Sources */,
				84ECE6642031DFDE00B389F1 /* NSObjectExtension.swift in Sources */,
				84ECE6672031E36600B389F1 /* SampleTextArray.swift in Sources */,
				84ECE6302031DEE900B389F1 /* ViewController.swift in Sources */,
				84ECE65F2031DF4400B389F1 /* SampleTableViewCell.swift in Sources */,
				84ECE62E2031DEE900B389F1 /* AppDelegate.swift in Sources */,
			);
			runOnlyForDeploymentPostprocessing = 0;
		};
		84ECE63A2031DEEA00B389F1 /* Sources */ = {
			isa = PBXSourcesBuildPhase;
			buildActionMask = 2147483647;
			files = (
				84ECE6432031DEEA00B389F1 /* PaddingSampleTests.swift in Sources */,
			);
			runOnlyForDeploymentPostprocessing = 0;
		};
		84ECE6452031DEEA00B389F1 /* Sources */ = {
			isa = PBXSourcesBuildPhase;
			buildActionMask = 2147483647;
			files = (
				84ECE64E2031DEEA00B389F1 /* PaddingSampleUITests.swift in Sources */,
			);
			runOnlyForDeploymentPostprocessing = 0;
		};
/* End PBXSourcesBuildPhase section */

/* Begin PBXTargetDependency section */
		84ECE6402031DEEA00B389F1 /* PBXTargetDependency */ = {
			isa = PBXTargetDependency;
			target = 84ECE6292031DEE900B389F1 /* PaddingSample */;
			targetProxy = 84ECE63F2031DEEA00B389F1 /* PBXContainerItemProxy */;
		};
		84ECE64B2031DEEA00B389F1 /* PBXTargetDependency */ = {
			isa = PBXTargetDependency;
			target = 84ECE6292031DEE900B389F1 /* PaddingSample */;
			targetProxy = 84ECE64A2031DEEA00B389F1 /* PBXContainerItemProxy */;
		};
/* End PBXTargetDependency section */

/* Begin PBXVariantGroup section */
		84ECE6312031DEE900B389F1 /* Main.storyboard */ = {
			isa = PBXVariantGroup;
			children = (
				84ECE6322031DEE900B389F1 /* Base */,
			);
			name = Main.storyboard;
			sourceTree = "<group>";
		};
		84ECE6362031DEE900B389F1 /* LaunchScreen.storyboard */ = {
			isa = PBXVariantGroup;
			children = (
				84ECE6372031DEE900B389F1 /* Base */,
			);
			name = LaunchScreen.storyboard;
			sourceTree = "<group>";
		};
/* End PBXVariantGroup section */

/* Begin XCBuildConfiguration section */
		84ECE6502031DEEA00B389F1 /* Debug */ = {
			isa = XCBuildConfiguration;
			buildSettings = {
				ALWAYS_SEARCH_USER_PATHS = NO;
				CLANG_ANALYZER_NONNULL = YES;
				CLANG_ANALYZER_NUMBER_OBJECT_CONVERSION = YES_AGGRESSIVE;
				CLANG_CXX_LANGUAGE_STANDARD = "gnu++14";
				CLANG_CXX_LIBRARY = "libc++";
				CLANG_ENABLE_MODULES = YES;
				CLANG_ENABLE_OBJC_ARC = YES;
				CLANG_WARN_BLOCK_CAPTURE_AUTORELEASING = YES;
				CLANG_WARN_BOOL_CONVERSION = YES;
				CLANG_WARN_COMMA = YES;
				CLANG_WARN_CONSTANT_CONVERSION = YES;
				CLANG_WARN_DIRECT_OBJC_ISA_USAGE = YES_ERROR;
				CLANG_WARN_DOCUMENTATION_COMMENTS = YES;
				CLANG_WARN_EMPTY_BODY = YES;
				CLANG_WARN_ENUM_CONVERSION = YES;
				CLANG_WARN_INFINITE_RECURSION = YES;
				CLANG_WARN_INT_CONVERSION = YES;
				CLANG_WARN_NON_LITERAL_NULL_CONVERSION = YES;
				CLANG_WARN_OBJC_LITERAL_CONVERSION = YES;
				CLANG_WARN_OBJC_ROOT_CLASS = YES_ERROR;
				CLANG_WARN_RANGE_LOOP_ANALYSIS = YES;
				CLANG_WARN_STRICT_PROTOTYPES = YES;
				CLANG_WARN_SUSPICIOUS_MOVE = YES;
				CLANG_WARN_UNGUARDED_AVAILABILITY = YES_AGGRESSIVE;
				CLANG_WARN_UNREACHABLE_CODE = YES;
				CLANG_WARN__DUPLICATE_METHOD_MATCH = YES;
				CODE_SIGN_IDENTITY = "iPhone Developer";
				COPY_PHASE_STRIP = NO;
				DEBUG_INFORMATION_FORMAT = dwarf;
				ENABLE_STRICT_OBJC_MSGSEND = YES;
				ENABLE_TESTABILITY = YES;
				GCC_C_LANGUAGE_STANDARD = gnu11;
				GCC_DYNAMIC_NO_PIC = NO;
				GCC_NO_COMMON_BLOCKS = YES;
				GCC_OPTIMIZATION_LEVEL = 0;
				GCC_PREPROCESSOR_DEFINITIONS = (
					"DEBUG=1",
					"$(inherited)",
				);
				GCC_WARN_64_TO_32_BIT_CONVERSION = YES;
				GCC_WARN_ABOUT_RETURN_TYPE = YES_ERROR;
				GCC_WARN_UNDECLARED_SELECTOR = YES;
				GCC_WARN_UNINITIALIZED_AUTOS = YES_AGGRESSIVE;
				GCC_WARN_UNUSED_FUNCTION = YES;
				GCC_WARN_UNUSED_VARIABLE = YES;
				IPHONEOS_DEPLOYMENT_TARGET = 11.2;
				MTL_ENABLE_DEBUG_INFO = YES;
				ONLY_ACTIVE_ARCH = YES;
				SDKROOT = iphoneos;
				SWIFT_ACTIVE_COMPILATION_CONDITIONS = DEBUG;
				SWIFT_OPTIMIZATION_LEVEL = "-Onone";
			};
			name = Debug;
		};
		84ECE6512031DEEA00B389F1 /* Release */ = {
			isa = XCBuildConfiguration;
			buildSettings = {
				ALWAYS_SEARCH_USER_PATHS = NO;
				CLANG_ANALYZER_NONNULL = YES;
				CLANG_ANALYZER_NUMBER_OBJECT_CONVERSION = YES_AGGRESSIVE;
				CLANG_CXX_LANGUAGE_STANDARD = "gnu++14";
				CLANG_CXX_LIBRARY = "libc++";
				CLANG_ENABLE_MODULES = YES;
				CLANG_ENABLE_OBJC_ARC = YES;
				CLANG_WARN_BLOCK_CAPTURE_AUTORELEASING = YES;
				CLANG_WARN_BOOL_CONVERSION = YES;
				CLANG_WARN_COMMA = YES;
				CLANG_WARN_CONSTANT_CONVERSION = YES;
				CLANG_WARN_DIRECT_OBJC_ISA_USAGE = YES_ERROR;
				CLANG_WARN_DOCUMENTATION_COMMENTS = YES;
				CLANG_WARN_EMPTY_BODY = YES;
				CLANG_WARN_ENUM_CONVERSION = YES;
				CLANG_WARN_INFINITE_RECURSION = YES;
				CLANG_WARN_INT_CONVERSION = YES;
				CLANG_WARN_NON_LITERAL_NULL_CONVERSION = YES;
				CLANG_WARN_OBJC_LITERAL_CONVERSION = YES;
				CLANG_WARN_OBJC_ROOT_CLASS = YES_ERROR;
				CLANG_WARN_RANGE_LOOP_ANALYSIS = YES;
				CLANG_WARN_STRICT_PROTOTYPES = YES;
				CLANG_WARN_SUSPICIOUS_MOVE = YES;
				CLANG_WARN_UNGUARDED_AVAILABILITY = YES_AGGRESSIVE;
				CLANG_WARN_UNREACHABLE_CODE = YES;
				CLANG_WARN__DUPLICATE_METHOD_MATCH = YES;
				CODE_SIGN_IDENTITY = "iPhone Developer";
				COPY_PHASE_STRIP = NO;
				DEBUG_INFORMATION_FORMAT = "dwarf-with-dsym";
				ENABLE_NS_ASSERTIONS = NO;
				ENABLE_STRICT_OBJC_MSGSEND = YES;
				GCC_C_LANGUAGE_STANDARD = gnu11;
				GCC_NO_COMMON_BLOCKS = YES;
				GCC_WARN_64_TO_32_BIT_CONVERSION = YES;
				GCC_WARN_ABOUT_RETURN_TYPE = YES_ERROR;
				GCC_WARN_UNDECLARED_SELECTOR = YES;
				GCC_WARN_UNINITIALIZED_AUTOS = YES_AGGRESSIVE;
				GCC_WARN_UNUSED_FUNCTION = YES;
				GCC_WARN_UNUSED_VARIABLE = YES;
				IPHONEOS_DEPLOYMENT_TARGET = 11.2;
				MTL_ENABLE_DEBUG_INFO = NO;
				SDKROOT = iphoneos;
				SWIFT_OPTIMIZATION_LEVEL = "-Owholemodule";
				VALIDATE_PRODUCT = YES;
			};
			name = Release;
		};
		84ECE6532031DEEA00B389F1 /* Debug */ = {
			isa = XCBuildConfiguration;
			buildSettings = {
				ASSETCATALOG_COMPILER_APPICON_NAME = AppIcon;
				CODE_SIGN_STYLE = Automatic;
				DEVELOPMENT_TEAM = 5BS3A226T4;
				INFOPLIST_FILE = PaddingSample/Info.plist;
				LD_RUNPATH_SEARCH_PATHS = "$(inherited) @executable_path/Frameworks";
				PRODUCT_BUNDLE_IDENTIFIER = com.sachiko.PaddingSample;
				PRODUCT_NAME = "$(TARGET_NAME)";
				SWIFT_VERSION = 4.0;
				TARGETED_DEVICE_FAMILY = "1,2";
			};
			name = Debug;
		};
		84ECE6542031DEEA00B389F1 /* Release */ = {
			isa = XCBuildConfiguration;
			buildSettings = {
				ASSETCATALOG_COMPILER_APPICON_NAME = AppIcon;
				CODE_SIGN_STYLE = Automatic;
				DEVELOPMENT_TEAM = 5BS3A226T4;
				INFOPLIST_FILE = PaddingSample/Info.plist;
				LD_RUNPATH_SEARCH_PATHS = "$(inherited) @executable_path/Frameworks";
				PRODUCT_BUNDLE_IDENTIFIER = com.sachiko.PaddingSample;
				PRODUCT_NAME = "$(TARGET_NAME)";
				SWIFT_VERSION = 4.0;
				TARGETED_DEVICE_FAMILY = "1,2";
			};
			name = Release;
		};
		84ECE6562031DEEA00B389F1 /* Debug */ = {
			isa = XCBuildConfiguration;
			buildSettings = {
				ALWAYS_EMBED_SWIFT_STANDARD_LIBRARIES = YES;
				BUNDLE_LOADER = "$(TEST_HOST)";
				CODE_SIGN_STYLE = Automatic;
				DEVELOPMENT_TEAM = 5BS3A226T4;
				INFOPLIST_FILE = PaddingSampleTests/Info.plist;
				LD_RUNPATH_SEARCH_PATHS = "$(inherited) @executable_path/Frameworks @loader_path/Frameworks";
				PRODUCT_BUNDLE_IDENTIFIER = com.sachiko.PaddingSampleTests;
				PRODUCT_NAME = "$(TARGET_NAME)";
				SWIFT_VERSION = 4.0;
				TARGETED_DEVICE_FAMILY = "1,2";
				TEST_HOST = "$(BUILT_PRODUCTS_DIR)/PaddingSample.app/PaddingSample";
			};
			name = Debug;
		};
		84ECE6572031DEEA00B389F1 /* Release */ = {
			isa = XCBuildConfiguration;
			buildSettings = {
				ALWAYS_EMBED_SWIFT_STANDARD_LIBRARIES = YES;
				BUNDLE_LOADER = "$(TEST_HOST)";
				CODE_SIGN_STYLE = Automatic;
				DEVELOPMENT_TEAM = 5BS3A226T4;
				INFOPLIST_FILE = PaddingSampleTests/Info.plist;
				LD_RUNPATH_SEARCH_PATHS = "$(inherited) @executable_path/Frameworks @loader_path/Frameworks";
				PRODUCT_BUNDLE_IDENTIFIER = com.sachiko.PaddingSampleTests;
				PRODUCT_NAME = "$(TARGET_NAME)";
				SWIFT_VERSION = 4.0;
				TARGETED_DEVICE_FAMILY = "1,2";
				TEST_HOST = "$(BUILT_PRODUCTS_DIR)/PaddingSample.app/PaddingSample";
			};
			name = Release;
		};
		84ECE6592031DEEA00B389F1 /* Debug */ = {
			isa = XCBuildConfiguration;
			buildSettings = {
				ALWAYS_EMBED_SWIFT_STANDARD_LIBRARIES = YES;
				CODE_SIGN_STYLE = Automatic;
				DEVELOPMENT_TEAM = 5BS3A226T4;
				INFOPLIST_FILE = PaddingSampleUITests/Info.plist;
				LD_RUNPATH_SEARCH_PATHS = "$(inherited) @executable_path/Frameworks @loader_path/Frameworks";
				PRODUCT_BUNDLE_IDENTIFIER = com.sachiko.PaddingSampleUITests;
				PRODUCT_NAME = "$(TARGET_NAME)";
				SWIFT_VERSION = 4.0;
				TARGETED_DEVICE_FAMILY = "1,2";
				TEST_TARGET_NAME = PaddingSample;
			};
			name = Debug;
		};
		84ECE65A2031DEEA00B389F1 /* Release */ = {
			isa = XCBuildConfiguration;
			buildSettings = {
				ALWAYS_EMBED_SWIFT_STANDARD_LIBRARIES = YES;
				CODE_SIGN_STYLE = Automatic;
				DEVELOPMENT_TEAM = 5BS3A226T4;
				INFOPLIST_FILE = PaddingSampleUITests/Info.plist;
				LD_RUNPATH_SEARCH_PATHS = "$(inherited) @executable_path/Frameworks @loader_path/Frameworks";
				PRODUCT_BUNDLE_IDENTIFIER = com.sachiko.PaddingSampleUITests;
				PRODUCT_NAME = "$(TARGET_NAME)";
				SWIFT_VERSION = 4.0;
				TARGETED_DEVICE_FAMILY = "1,2";
				TEST_TARGET_NAME = PaddingSample;
			};
			name = Release;
		};
/* End XCBuildConfiguration section */

/* Begin XCConfigurationList section */
		84ECE6252031DEE900B389F1 /* Build configuration list for PBXProject "PaddingSample" */ = {
			isa = XCConfigurationList;
			buildConfigurations = (
				84ECE6502031DEEA00B389F1 /* Debug */,
				84ECE6512031DEEA00B389F1 /* Release */,
			);
			defaultConfigurationIsVisible = 0;
			defaultConfigurationName = Release;
		};
		84ECE6522031DEEA00B389F1 /* Build configuration list for PBXNativeTarget "PaddingSample" */ = {
			isa = XCConfigurationList;
			buildConfigurations = (
				84ECE6532031DEEA00B389F1 /* Debug */,
				84ECE6542031DEEA00B389F1 /* Release */,
			);
			defaultConfigurationIsVisible = 0;
			defaultConfigurationName = Release;
		};
		84ECE6552031DEEA00B389F1 /* Build configuration list for PBXNativeTarget "PaddingSampleTests" */ = {
			isa = XCConfigurationList;
			buildConfigurations = (
				84ECE6562031DEEA00B389F1 /* Debug */,
				84ECE6572031DEEA00B389F1 /* Release */,
			);
			defaultConfigurationIsVisible = 0;
			defaultConfigurationName = Release;
		};
		84ECE6582031DEEA00B389F1 /* Build configuration list for PBXNativeTarget "PaddingSampleUITests" */ = {
			isa = XCConfigurationList;
			buildConfigurations = (
				84ECE6592031DEEA00B389F1 /* Debug */,
				84ECE65A2031DEEA00B389F1 /* Release */,
			);
			defaultConfigurationIsVisible = 0;
			defaultConfigurationName = Release;
		};
/* End XCConfigurationList section */
	};
	rootObject = 84ECE6222031DEE900B389F1 /* Project object */;
}
